
Microsoft Visual Studio Solution File, Format Version 12.00
# Visual Studio Version 16
VisualStudioVersion = 25.0.1703.6
MinimumVisualStudioVersion = 10.0.40219.1
Project("{FAE04EC0-301F-11D3-BF4B-00C04F79EFBC}") = "Zadanie5", "Zadanie5\Zadanie5.csproj", "{37770AF1-B00D-4C71-B69A-0A68B8CF19E5}"
EndProject
Global
	GlobalSection(SolutionConfigurationPlatforms) = preSolution
		Debug|Any CPU = Debug|Any CPU
		Release|Any CPU = Release|Any CPU
	EndGlobalSection
	GlobalSection(ProjectConfigurationPlatforms) = postSolution
		{37770AF1-B00D-4C71-B69A-0A68B8CF19E5}.Debug|Any CPU.ActiveCfg = Debug|Any CPU
		{37770AF1-B00D-4C71-B69A-0A68B8CF19E5}.Debug|Any CPU.Build.0 = Debug|Any CPU
		{37770AF1-B00D-4C71-B69A-0A68B8CF19E5}.Release|Any CPU.ActiveCfg = Release|Any CPU
		{37770AF1-B00D-4C71-B69A-0A68B8CF19E5}.Release|Any CPU.Build.0 = Release|Any CPU
	EndGlobalSection
	GlobalSection(SolutionProperties) = preSolution
		HideSolutionNode = FALSE
	EndGlobalSection
	GlobalSection(ExtensibilityGlobals) = postSolution
		SolutionGuid = {3395563F-9C5A-4A52-92C6-A7A21F2978C4}
	EndGlobalSection
EndGlobal
