
Microsoft Visual Studio Solution File, Format Version 12.00
# Visual Studio Version 16
VisualStudioVersion = 25.0.1703.6
MinimumVisualStudioVersion = 10.0.40219.1
Project("{FAE04EC0-301F-11D3-BF4B-00C04F79EFBC}") = "zadanie8", "zadanie8\zadanie8.csproj", "{F44AA17B-F123-4842-BA5F-9E1C30C941C8}"
EndProject
Global
	GlobalSection(SolutionConfigurationPlatforms) = preSolution
		Debug|Any CPU = Debug|Any CPU
		Release|Any CPU = Release|Any CPU
	EndGlobalSection
	GlobalSection(ProjectConfigurationPlatforms) = postSolution
		{F44AA17B-F123-4842-BA5F-9E1C30C941C8}.Debug|Any CPU.ActiveCfg = Debug|Any CPU
		{F44AA17B-F123-4842-BA5F-9E1C30C941C8}.Debug|Any CPU.Build.0 = Debug|Any CPU
		{F44AA17B-F123-4842-BA5F-9E1C30C941C8}.Release|Any CPU.ActiveCfg = Release|Any CPU
		{F44AA17B-F123-4842-BA5F-9E1C30C941C8}.Release|Any CPU.Build.0 = Release|Any CPU
	EndGlobalSection
	GlobalSection(SolutionProperties) = preSolution
		HideSolutionNode = FALSE
	EndGlobalSection
	GlobalSection(ExtensibilityGlobals) = postSolution
		SolutionGuid = {A2262B4B-A60F-4C08-A993-1E7048835929}
	EndGlobalSection
EndGlobal
