
Microsoft Visual Studio Solution File, Format Version 12.00
# Visual Studio Version 16
VisualStudioVersion = 25.0.1703.6
MinimumVisualStudioVersion = 10.0.40219.1
Project("{FAE04EC0-301F-11D3-BF4B-00C04F79EFBC}") = "zadanie7", "zadanie7\zadanie7.csproj", "{28A4C48C-ACE0-4787-9E73-628A642C4D78}"
EndProject
Global
	GlobalSection(SolutionConfigurationPlatforms) = preSolution
		Debug|Any CPU = Debug|Any CPU
		Release|Any CPU = Release|Any CPU
	EndGlobalSection
	GlobalSection(ProjectConfigurationPlatforms) = postSolution
		{28A4C48C-ACE0-4787-9E73-628A642C4D78}.Debug|Any CPU.ActiveCfg = Debug|Any CPU
		{28A4C48C-ACE0-4787-9E73-628A642C4D78}.Debug|Any CPU.Build.0 = Debug|Any CPU
		{28A4C48C-ACE0-4787-9E73-628A642C4D78}.Release|Any CPU.ActiveCfg = Release|Any CPU
		{28A4C48C-ACE0-4787-9E73-628A642C4D78}.Release|Any CPU.Build.0 = Release|Any CPU
	EndGlobalSection
	GlobalSection(SolutionProperties) = preSolution
		HideSolutionNode = FALSE
	EndGlobalSection
	GlobalSection(ExtensibilityGlobals) = postSolution
		SolutionGuid = {37521C05-DBD4-4CF3-9431-38C90730B56C}
	EndGlobalSection
EndGlobal
